
Microsoft Visual Studio Solution File, Format Version 12.00
# Visual Studio 15
VisualStudioVersion = 15.0.27703.2026
MinimumVisualStudioVersion = 10.0.40219.1
Project("{FAE04EC0-301F-11D3-BF4B-00C04F79EFBC}") = "MinerProfitManager", "MinerProfitManager\MinerProfitManager.csproj", "{D8CFA086-44E8-4C25-A480-2120B36C5221}"
EndProject
Project("{E53339B2-1760-4266-BCC7-CA923CBCF16C}") = "docker-compose", "docker-compose.dcproj", "{012BEDBC-29CC-44B6-A376-45D4E18E877F}"
EndProject
Global
	GlobalSection(SolutionConfigurationPlatforms) = preSolution
		Debug|Any CPU = Debug|Any CPU
		Release|Any CPU = Release|Any CPU
	EndGlobalSection
	GlobalSection(ProjectConfigurationPlatforms) = postSolution
		{D8CFA086-44E8-4C25-A480-2120B36C5221}.Debug|Any CPU.ActiveCfg = Debug|Any CPU
		{D8CFA086-44E8-4C25-A480-2120B36C5221}.Debug|Any CPU.Build.0 = Debug|Any CPU
		{D8CFA086-44E8-4C25-A480-2120B36C5221}.Release|Any CPU.ActiveCfg = Release|Any CPU
		{D8CFA086-44E8-4C25-A480-2120B36C5221}.Release|Any CPU.Build.0 = Release|Any CPU
		{012BEDBC-29CC-44B6-A376-45D4E18E877F}.Debug|Any CPU.ActiveCfg = Debug|Any CPU
		{012BEDBC-29CC-44B6-A376-45D4E18E877F}.Debug|Any CPU.Build.0 = Debug|Any CPU
		{012BEDBC-29CC-44B6-A376-45D4E18E877F}.Release|Any CPU.ActiveCfg = Release|Any CPU
		{012BEDBC-29CC-44B6-A376-45D4E18E877F}.Release|Any CPU.Build.0 = Release|Any CPU
	EndGlobalSection
	GlobalSection(SolutionProperties) = preSolution
		HideSolutionNode = FALSE
	EndGlobalSection
	GlobalSection(ExtensibilityGlobals) = postSolution
		SolutionGuid = {C24F848C-1875-4654-85C2-D876764ED497}
	EndGlobalSection
EndGlobal
